
Microsoft Visual Studio Solution File, Format Version 12.00
# Visual Studio Version 17
VisualStudioVersion = 17.6.33815.320
MinimumVisualStudioVersion = 10.0.40219.1
Project("{9A19103F-16F7-4668-BE54-9A1E7A4F7556}") = "ClipBR", "ClipBR.csproj", "{D23AC4D0-3524-4354-956D-88788F0C9D55}"
EndProject
Global
	GlobalSection(SolutionConfigurationPlatforms) = preSolution
		Debug|Any CPU = Debug|Any CPU
		Release|Any CPU = Release|Any CPU
	EndGlobalSection
	GlobalSection(ProjectConfigurationPlatforms) = postSolution
		{D23AC4D0-3524-4354-956D-88788F0C9D55}.Debug|Any CPU.ActiveCfg = Debug|Any CPU
		{D23AC4D0-3524-4354-956D-88788F0C9D55}.Debug|Any CPU.Build.0 = Debug|Any CPU
		{D23AC4D0-3524-4354-956D-88788F0C9D55}.Release|Any CPU.ActiveCfg = Release|Any CPU
		{D23AC4D0-3524-4354-956D-88788F0C9D55}.Release|Any CPU.Build.0 = Release|Any CPU
	EndGlobalSection
	GlobalSection(SolutionProperties) = preSolution
		HideSolutionNode = FALSE
	EndGlobalSection
	GlobalSection(ExtensibilityGlobals) = postSolution
		SolutionGuid = {5AE92B99-DD44-459D-8046-61E222CBCF99}
	EndGlobalSection
EndGlobal
